
Microsoft Visual Studio Solution File, Format Version 12.00
# Visual Studio 15
VisualStudioVersion = 15.0.28010.2046
MinimumVisualStudioVersion = 10.0.40219.1
Project("{FAE04EC0-301F-11D3-BF4B-00C04F79EFBC}") = "Bowling", "Bowling\Bowling.csproj", "{6C7A4E28-1A6B-44DC-9E28-AC09210A22CE}"
EndProject
Global
	GlobalSection(SolutionConfigurationPlatforms) = preSolution
		Debug|Any CPU = Debug|Any CPU
		Release|Any CPU = Release|Any CPU
	EndGlobalSection
	GlobalSection(ProjectConfigurationPlatforms) = postSolution
		{6C7A4E28-1A6B-44DC-9E28-AC09210A22CE}.Debug|Any CPU.ActiveCfg = Debug|Any CPU
		{6C7A4E28-1A6B-44DC-9E28-AC09210A22CE}.Debug|Any CPU.Build.0 = Debug|Any CPU
		{6C7A4E28-1A6B-44DC-9E28-AC09210A22CE}.Release|Any CPU.ActiveCfg = Release|Any CPU
		{6C7A4E28-1A6B-44DC-9E28-AC09210A22CE}.Release|Any CPU.Build.0 = Release|Any CPU
	EndGlobalSection
	GlobalSection(SolutionProperties) = preSolution
		HideSolutionNode = FALSE
	EndGlobalSection
	GlobalSection(ExtensibilityGlobals) = postSolution
		SolutionGuid = {51178F69-AE49-415A-AD45-2B4DFEDDA98B}
	EndGlobalSection
EndGlobal
